// !$*UTF8*$!
{
	archiveVersion = 1;
	classes = {
	};
	objectVersion = 55;
	objects = {

/* Begin PBXBuildFile section */
		7C083D28282A9C2E00532023 /* ProgressHeaderView.swift in Sources */ = {isa = PBXBuildFile; fileRef = 7C083D27282A9C2E00532023 /* ProgressHeaderView.swift */; };
		7C4371F62833DD0D0006B270 /* CAGradientLayer+ListStyle.swift in Sources */ = {isa = PBXBuildFile; fileRef = 7C4371F52833DD0C0006B270 /* CAGradientLayer+ListStyle.swift */; };
		7C77465727EBE7C300DAAC42 /* AppDelegate.swift in Sources */ = {isa = PBXBuildFile; fileRef = 7C77465627EBE7C300DAAC42 /* AppDelegate.swift */; };
		7C77465927EBE7C300DAAC42 /* SceneDelegate.swift in Sources */ = {isa = PBXBuildFile; fileRef = 7C77465827EBE7C300DAAC42 /* SceneDelegate.swift */; };
		7C77465B27EBE7C300DAAC42 /* ReminderListViewController.swift in Sources */ = {isa = PBXBuildFile; fileRef = 7C77465A27EBE7C300DAAC42 /* ReminderListViewController.swift */; };
		7C77465E27EBE7C300DAAC42 /* Main.storyboard in Resources */ = {isa = PBXBuildFile; fileRef = 7C77465C27EBE7C300DAAC42 /* Main.storyboard */; };
		7C77466027EBE7C500DAAC42 /* Assets.xcassets in Resources */ = {isa = PBXBuildFile; fileRef = 7C77465F27EBE7C500DAAC42 /* Assets.xcassets */; };
		7C77466327EBE7C500DAAC42 /* LaunchScreen.storyboard in Resources */ = {isa = PBXBuildFile; fileRef = 7C77466127EBE7C500DAAC42 /* LaunchScreen.storyboard */; };
		7C77466E27EBE7C500DAAC42 /* TodayTests.swift in Sources */ = {isa = PBXBuildFile; fileRef = 7C77466D27EBE7C500DAAC42 /* TodayTests.swift */; };
		7C77467827EBE7C500DAAC42 /* TodayUITests.swift in Sources */ = {isa = PBXBuildFile; fileRef = 7C77467727EBE7C500DAAC42 /* TodayUITests.swift */; };
		7C77467A27EBE7C500DAAC42 /* TodayUITestsLaunchTests.swift in Sources */ = {isa = PBXBuildFile; fileRef = 7C77467927EBE7C500DAAC42 /* TodayUITestsLaunchTests.swift */; };
		7C77468827EBEB0600DAAC42 /* Reminder.swift in Sources */ = {isa = PBXBuildFile; fileRef = 7C77468727EBEB0600DAAC42 /* Reminder.swift */; };
		7CE6C02727F18136006B44C0 /* Date+Today.swift in Sources */ = {isa = PBXBuildFile; fileRef = 7CE6C02627F18136006B44C0 /* Date+Today.swift */; };
		7CE6C02A27F18765006B44C0 /* ReminderListViewController+DataSource.swift in Sources */ = {isa = PBXBuildFile; fileRef = 7CE6C02927F18765006B44C0 /* ReminderListViewController+DataSource.swift */; };
		7CE6C03327F2C747006B44C0 /* ReminderDoneButton.swift in Sources */ = {isa = PBXBuildFile; fileRef = 7CE6C03227F2C747006B44C0 /* ReminderDoneButton.swift */; };
		7CE6C03527F2C828006B44C0 /* ReminderListViewController+Actions.swift in Sources */ = {isa = PBXBuildFile; fileRef = 7CE6C03427F2C828006B44C0 /* ReminderListViewController+Actions.swift */; };
		7CE6C03727F2EC32006B44C0 /* ReminderViewController.swift in Sources */ = {isa = PBXBuildFile; fileRef = 7CE6C03627F2EC32006B44C0 /* ReminderViewController.swift */; };
		7CE6C03A27F2F1C5006B44C0 /* ReminderViewController+Row.swift in Sources */ = {isa = PBXBuildFile; fileRef = 7CE6C03927F2F1C5006B44C0 /* ReminderViewController+Row.swift */; };
		7CE6C03C27F3033F006B44C0 /* ReminderViewController+Section.swift in Sources */ = {isa = PBXBuildFile; fileRef = 7CE6C03B27F3033F006B44C0 /* ReminderViewController+Section.swift */; };
		7CE6C03E27F3E18F006B44C0 /* ReminderViewController+CellConfiguration.swift in Sources */ = {isa = PBXBuildFile; fileRef = 7CE6C03D27F3E18F006B44C0 /* ReminderViewController+CellConfiguration.swift */; };
		7CE6C04127F45432006B44C0 /* UIView+PinnedSubview.swift in Sources */ = {isa = PBXBuildFile; fileRef = 7CE6C04027F45432006B44C0 /* UIView+PinnedSubview.swift */; };
		7CE6C04327F47B4D006B44C0 /* TextFieldContentView.swift in Sources */ = {isa = PBXBuildFile; fileRef = 7CE6C04227F47B4D006B44C0 /* TextFieldContentView.swift */; };
		7CE6C04527F47D64006B44C0 /* UIContentConfiguration.swift in Sources */ = {isa = PBXBuildFile; fileRef = 7CE6C04427F47D64006B44C0 /* UIContentConfiguration.swift */; };
		7CE6C04727F48420006B44C0 /* TextViewContentView.swift in Sources */ = {isa = PBXBuildFile; fileRef = 7CE6C04627F48420006B44C0 /* TextViewContentView.swift */; };
		7CE6C04927F4876D006B44C0 /* DatePickerContentView.swift in Sources */ = {isa = PBXBuildFile; fileRef = 7CE6C04827F4876D006B44C0 /* DatePickerContentView.swift */; };
		7CE6C04F27FD1998006B44C0 /* UIColor+Today.swift in Sources */ = {isa = PBXBuildFile; fileRef = 7CE6C04E27FD1998006B44C0 /* UIColor+Today.swift */; };
		7CE6C05128024E65006B44C0 /* ReminderListStyle.swift in Sources */ = {isa = PBXBuildFile; fileRef = 7CE6C05028024E65006B44C0 /* ReminderListStyle.swift */; };
/* End PBXBuildFile section */

/* Begin PBXContainerItemProxy section */
		7C77466A27EBE7C500DAAC42 /* PBXContainerItemProxy */ = {
			isa = PBXContainerItemProxy;
			containerPortal = 7C77464B27EBE7C200DAAC42 /* Project object */;
			proxyType = 1;
			remoteGlobalIDString = 7C77465227EBE7C300DAAC42;
			remoteInfo = Today;
		};
		7C77467427EBE7C500DAAC42 /* PBXContainerItemProxy */ = {
			isa = PBXContainerItemProxy;
			containerPortal = 7C77464B27EBE7C200DAAC42 /* Project object */;
			proxyType = 1;
			remoteGlobalIDString = 7C77465227EBE7C300DAAC42;
			remoteInfo = Today;
		};
/* End PBXContainerItemProxy section */

/* Begin PBXFileReference section */
		7C083D27282A9C2E00532023 /* ProgressHeaderView.swift */ = {isa = PBXFileReference; lastKnownFileType = sourcecode.swift; path = ProgressHeaderView.swift; sourceTree = "<group>"; };
		7C4371F52833DD0C0006B270 /* CAGradientLayer+ListStyle.swift */ = {isa = PBXFileReference; lastKnownFileType = sourcecode.swift; path = "CAGradientLayer+ListStyle.swift"; sourceTree = "<group>"; };
		7C77465327EBE7C300DAAC42 /* Today.app */ = {isa = PBXFileReference; explicitFileType = wrapper.application; includeInIndex = 0; path = Today.app; sourceTree = BUILT_PRODUCTS_DIR; };
		7C77465627EBE7C300DAAC42 /* AppDelegate.swift */ = {isa = PBXFileReference; lastKnownFileType = sourcecode.swift; path = AppDelegate.swift; sourceTree = "<group>"; };
		7C77465827EBE7C300DAAC42 /* SceneDelegate.swift */ = {isa = PBXFileReference; lastKnownFileType = sourcecode.swift; path = SceneDelegate.swift; sourceTree = "<group>"; };
		7C77465A27EBE7C300DAAC42 /* ReminderListViewController.swift */ = {isa = PBXFileReference; lastKnownFileType = sourcecode.swift; path = ReminderListViewController.swift; sourceTree = "<group>"; };
		7C77465D27EBE7C300DAAC42 /* Base */ = {isa = PBXFileReference; lastKnownFileType = file.storyboard; name = Base; path = Base.lproj/Main.storyboard; sourceTree = "<group>"; };
		7C77465F27EBE7C500DAAC42 /* Assets.xcassets */ = {isa = PBXFileReference; lastKnownFileType = folder.assetcatalog; path = Assets.xcassets; sourceTree = "<group>"; };
		7C77466227EBE7C500DAAC42 /* Base */ = {isa = PBXFileReference; lastKnownFileType = file.storyboard; name = Base; path = Base.lproj/LaunchScreen.storyboard; sourceTree = "<group>"; };
		7C77466427EBE7C500DAAC42 /* Info.plist */ = {isa = PBXFileReference; lastKnownFileType = text.plist.xml; path = Info.plist; sourceTree = "<group>"; };
		7C77466927EBE7C500DAAC42 /* TodayTests.xctest */ = {isa = PBXFileReference; explicitFileType = wrapper.cfbundle; includeInIndex = 0; path = TodayTests.xctest; sourceTree = BUILT_PRODUCTS_DIR; };
		7C77466D27EBE7C500DAAC42 /* TodayTests.swift */ = {isa = PBXFileReference; lastKnownFileType = sourcecode.swift; path = TodayTests.swift; sourceTree = "<group>"; };
		7C77467327EBE7C500DAAC42 /* TodayUITests.xctest */ = {isa = PBXFileReference; explicitFileType = wrapper.cfbundle; includeInIndex = 0; path = TodayUITests.xctest; sourceTree = BUILT_PRODUCTS_DIR; };
		7C77467727EBE7C500DAAC42 /* TodayUITests.swift */ = {isa = PBXFileReference; lastKnownFileType = sourcecode.swift; path = TodayUITests.swift; sourceTree = "<group>"; };
		7C77467927EBE7C500DAAC42 /* TodayUITestsLaunchTests.swift */ = {isa = PBXFileReference; lastKnownFileType = sourcecode.swift; path = TodayUITestsLaunchTests.swift; sourceTree = "<group>"; };
		7C77468727EBEB0600DAAC42 /* Reminder.swift */ = {isa = PBXFileReference; lastKnownFileType = sourcecode.swift; path = Reminder.swift; sourceTree = "<group>"; };
		7CE6C02627F18136006B44C0 /* Date+Today.swift */ = {isa = PBXFileReference; lastKnownFileType = sourcecode.swift; path = "Date+Today.swift"; sourceTree = "<group>"; };
		7CE6C02927F18765006B44C0 /* ReminderListViewController+DataSource.swift */ = {isa = PBXFileReference; lastKnownFileType = sourcecode.swift; path = "ReminderListViewController+DataSource.swift"; sourceTree = "<group>"; };
		7CE6C03227F2C747006B44C0 /* ReminderDoneButton.swift */ = {isa = PBXFileReference; lastKnownFileType = sourcecode.swift; path = ReminderDoneButton.swift; sourceTree = "<group>"; };
		7CE6C03427F2C828006B44C0 /* ReminderListViewController+Actions.swift */ = {isa = PBXFileReference; lastKnownFileType = sourcecode.swift; path = "ReminderListViewController+Actions.swift"; sourceTree = "<group>"; };
		7CE6C03627F2EC32006B44C0 /* ReminderViewController.swift */ = {isa = PBXFileReference; lastKnownFileType = sourcecode.swift; path = ReminderViewController.swift; sourceTree = "<group>"; };
		7CE6C03927F2F1C5006B44C0 /* ReminderViewController+Row.swift */ = {isa = PBXFileReference; lastKnownFileType = sourcecode.swift; path = "ReminderViewController+Row.swift"; sourceTree = "<group>"; };
		7CE6C03B27F3033F006B44C0 /* ReminderViewController+Section.swift */ = {isa = PBXFileReference; lastKnownFileType = sourcecode.swift; path = "ReminderViewController+Section.swift"; sourceTree = "<group>"; };
		7CE6C03D27F3E18F006B44C0 /* ReminderViewController+CellConfiguration.swift */ = {isa = PBXFileReference; lastKnownFileType = sourcecode.swift; path = "ReminderViewController+CellConfiguration.swift"; sourceTree = "<group>"; };
		7CE6C04027F45432006B44C0 /* UIView+PinnedSubview.swift */ = {isa = PBXFileReference; lastKnownFileType = sourcecode.swift; path = "UIView+PinnedSubview.swift"; sourceTree = "<group>"; };
		7CE6C04227F47B4D006B44C0 /* TextFieldContentView.swift */ = {isa = PBXFileReference; lastKnownFileType = sourcecode.swift; path = TextFieldContentView.swift; sourceTree = "<group>"; };
		7CE6C04427F47D64006B44C0 /* UIContentConfiguration.swift */ = {isa = PBXFileReference; lastKnownFileType = sourcecode.swift; path = UIContentConfiguration.swift; sourceTree = "<group>"; };
		7CE6C04627F48420006B44C0 /* TextViewContentView.swift */ = {isa = PBXFileReference; lastKnownFileType = sourcecode.swift; path = TextViewContentView.swift; sourceTree = "<group>"; };
		7CE6C04827F4876D006B44C0 /* DatePickerContentView.swift */ = {isa = PBXFileReference; fileEncoding = 4; lastKnownFileType = sourcecode.swift; path = DatePickerContentView.swift; sourceTree = "<group>"; };
		7CE6C04E27FD1998006B44C0 /* UIColor+Today.swift */ = {isa = PBXFileReference; fileEncoding = 4; lastKnownFileType = sourcecode.swift; path = "UIColor+Today.swift"; sourceTree = "<group>"; };
		7CE6C05028024E65006B44C0 /* ReminderListStyle.swift */ = {isa = PBXFileReference; lastKnownFileType = sourcecode.swift; path = ReminderListStyle.swift; sourceTree = "<group>"; };
/* End PBXFileReference section */

/* Begin PBXFrameworksBuildPhase section */
		7C77465027EBE7C300DAAC42 /* Frameworks */ = {
			isa = PBXFrameworksBuildPhase;
			buildActionMask = 2147483647;
			files = (
			);
			runOnlyForDeploymentPostprocessing = 0;
		};
		7C77466627EBE7C500DAAC42 /* Frameworks */ = {
			isa = PBXFrameworksBuildPhase;
			buildActionMask = 2147483647;
			files = (
			);
			runOnlyForDeploymentPostprocessing = 0;
		};
		7C77467027EBE7C500DAAC42 /* Frameworks */ = {
			isa = PBXFrameworksBuildPhase;
			buildActionMask = 2147483647;
			files = (
			);
			runOnlyForDeploymentPostprocessing = 0;
		};
/* End PBXFrameworksBuildPhase section */

/* Begin PBXGroup section */
		7C77464A27EBE7C200DAAC42 = {
			isa = PBXGroup;
			children = (
				7C77465527EBE7C300DAAC42 /* Today */,
				7C77466C27EBE7C500DAAC42 /* TodayTests */,
				7C77467627EBE7C500DAAC42 /* TodayUITests */,
				7C77465427EBE7C300DAAC42 /* Products */,
			);
			sourceTree = "<group>";
		};
		7C77465427EBE7C300DAAC42 /* Products */ = {
			isa = PBXGroup;
			children = (
				7C77465327EBE7C300DAAC42 /* Today.app */,
				7C77466927EBE7C500DAAC42 /* TodayTests.xctest */,
				7C77467327EBE7C500DAAC42 /* TodayUITests.xctest */,
			);
			name = Products;
			sourceTree = "<group>";
		};
		7C77465527EBE7C300DAAC42 /* Today */ = {
			isa = PBXGroup;
			children = (
				7CE6C03F27F3FC69006B44C0 /* ContentViews */,
				7C77465627EBE7C300DAAC42 /* AppDelegate.swift */,
				7C77468627EBEAE500DAAC42 /* Models */,
				7C77465827EBE7C300DAAC42 /* SceneDelegate.swift */,
				7CE6C02827F18727006B44C0 /* ListviewController */,
				7C77465C27EBE7C300DAAC42 /* Main.storyboard */,
				7CE6C03827F2F178006B44C0 /* DetailViewController */,
				7C77465F27EBE7C500DAAC42 /* Assets.xcassets */,
				7C77466127EBE7C500DAAC42 /* LaunchScreen.storyboard */,
				7C77466427EBE7C500DAAC42 /* Info.plist */,
				7CE6C03227F2C747006B44C0 /* ReminderDoneButton.swift */,
			);
			path = Today;
			sourceTree = "<group>";
		};
		7C77466C27EBE7C500DAAC42 /* TodayTests */ = {
			isa = PBXGroup;
			children = (
				7C77466D27EBE7C500DAAC42 /* TodayTests.swift */,
			);
			path = TodayTests;
			sourceTree = "<group>";
		};
		7C77467627EBE7C500DAAC42 /* TodayUITests */ = {
			isa = PBXGroup;
			children = (
				7C77467727EBE7C500DAAC42 /* TodayUITests.swift */,
				7C77467927EBE7C500DAAC42 /* TodayUITestsLaunchTests.swift */,
			);
			path = TodayUITests;
			sourceTree = "<group>";
		};
		7C77468627EBEAE500DAAC42 /* Models */ = {
			isa = PBXGroup;
			children = (
				7C77468727EBEB0600DAAC42 /* Reminder.swift */,
				7C4371F52833DD0C0006B270 /* CAGradientLayer+ListStyle.swift */,
				7CE6C05028024E65006B44C0 /* ReminderListStyle.swift */,
				7CE6C04E27FD1998006B44C0 /* UIColor+Today.swift */,
				7CE6C02627F18136006B44C0 /* Date+Today.swift */,
			);
			path = Models;
			sourceTree = "<group>";
		};
		7CE6C02827F18727006B44C0 /* ListviewController */ = {
			isa = PBXGroup;
			children = (
				7C77465A27EBE7C300DAAC42 /* ReminderListViewController.swift */,
				7CE6C02927F18765006B44C0 /* ReminderListViewController+DataSource.swift */,
				7CE6C03427F2C828006B44C0 /* ReminderListViewController+Actions.swift */,
				7C083D27282A9C2E00532023 /* ProgressHeaderView.swift */,
			);
			path = ListviewController;
			sourceTree = "<group>";
		};
		7CE6C03827F2F178006B44C0 /* DetailViewController */ = {
			isa = PBXGroup;
			children = (
				7CE6C03627F2EC32006B44C0 /* ReminderViewController.swift */,
				7CE6C03D27F3E18F006B44C0 /* ReminderViewController+CellConfiguration.swift */,
				7CE6C03927F2F1C5006B44C0 /* ReminderViewController+Row.swift */,
				7CE6C03B27F3033F006B44C0 /* ReminderViewController+Section.swift */,
			);
			path = DetailViewController;
			sourceTree = "<group>";
		};
		7CE6C03F27F3FC69006B44C0 /* ContentViews */ = {
			isa = PBXGroup;
			children = (
				7CE6C04827F4876D006B44C0 /* DatePickerContentView.swift */,
				7CE6C04027F45432006B44C0 /* UIView+PinnedSubview.swift */,
				7CE6C04427F47D64006B44C0 /* UIContentConfiguration.swift */,
				7CE6C04227F47B4D006B44C0 /* TextFieldContentView.swift */,
				7CE6C04627F48420006B44C0 /* TextViewContentView.swift */,
			);
			path = ContentViews;
			sourceTree = "<group>";
		};
/* End PBXGroup section */

/* Begin PBXNativeTarget section */
		7C77465227EBE7C300DAAC42 /* Today */ = {
			isa = PBXNativeTarget;
			buildConfigurationList = 7C77467D27EBE7C500DAAC42 /* Build configuration list for PBXNativeTarget "Today" */;
			buildPhases = (
				7C77464F27EBE7C300DAAC42 /* Sources */,
				7C77465027EBE7C300DAAC42 /* Frameworks */,
				7C77465127EBE7C300DAAC42 /* Resources */,
			);
			buildRules = (
			);
			dependencies = (
			);
			name = Today;
			productName = Today;
			productReference = 7C77465327EBE7C300DAAC42 /* Today.app */;
			productType = "com.apple.product-type.application";
		};
		7C77466827EBE7C500DAAC42 /* TodayTests */ = {
			isa = PBXNativeTarget;
			buildConfigurationList = 7C77468027EBE7C500DAAC42 /* Build configuration list for PBXNativeTarget "TodayTests" */;
			buildPhases = (
				7C77466527EBE7C500DAAC42 /* Sources */,
				7C77466627EBE7C500DAAC42 /* Frameworks */,
				7C77466727EBE7C500DAAC42 /* Resources */,
			);
			buildRules = (
			);
			dependencies = (
				7C77466B27EBE7C500DAAC42 /* PBXTargetDependency */,
			);
			name = TodayTests;
			productName = TodayTests;
			productReference = 7C77466927EBE7C500DAAC42 /* TodayTests.xctest */;
			productType = "com.apple.product-type.bundle.unit-test";
		};
		7C77467227EBE7C500DAAC42 /* TodayUITests */ = {
			isa = PBXNativeTarget;
			buildConfigurationList = 7C77468327EBE7C500DAAC42 /* Build configuration list for PBXNativeTarget "TodayUITests" */;
			buildPhases = (
				7C77466F27EBE7C500DAAC42 /* Sources */,
				7C77467027EBE7C500DAAC42 /* Frameworks */,
				7C77467127EBE7C500DAAC42 /* Resources */,
			);
			buildRules = (
			);
			dependencies = (
				7C77467527EBE7C500DAAC42 /* PBXTargetDependency */,
			);
			name = TodayUITests;
			productName = TodayUITests;
			productReference = 7C77467327EBE7C500DAAC42 /* TodayUITests.xctest */;
			productType = "com.apple.product-type.bundle.ui-testing";
		};
/* End PBXNativeTarget section */

/* Begin PBXProject section */
		7C77464B27EBE7C200DAAC42 /* Project object */ = {
			isa = PBXProject;
			attributes = {
				BuildIndependentTargetsInParallel = 1;
				LastSwiftUpdateCheck = 1330;
				LastUpgradeCheck = 1330;
				TargetAttributes = {
					7C77465227EBE7C300DAAC42 = {
						CreatedOnToolsVersion = 13.3;
					};
					7C77466827EBE7C500DAAC42 = {
						CreatedOnToolsVersion = 13.3;
						TestTargetID = 7C77465227EBE7C300DAAC42;
					};
					7C77467227EBE7C500DAAC42 = {
						CreatedOnToolsVersion = 13.3;
						TestTargetID = 7C77465227EBE7C300DAAC42;
					};
				};
			};
			buildConfigurationList = 7C77464E27EBE7C200DAAC42 /* Build configuration list for PBXProject "Today" */;
			compatibilityVersion = "Xcode 13.0";
			developmentRegion = en;
			hasScannedForEncodings = 0;
			knownRegions = (
				en,
				Base,
			);
			mainGroup = 7C77464A27EBE7C200DAAC42;
			productRefGroup = 7C77465427EBE7C300DAAC42 /* Products */;
			projectDirPath = "";
			projectRoot = "";
			targets = (
				7C77465227EBE7C300DAAC42 /* Today */,
				7C77466827EBE7C500DAAC42 /* TodayTests */,
				7C77467227EBE7C500DAAC42 /* TodayUITests */,
			);
		};
/* End PBXProject section */

/* Begin PBXResourcesBuildPhase section */
		7C77465127EBE7C300DAAC42 /* Resources */ = {
			isa = PBXResourcesBuildPhase;
			buildActionMask = 2147483647;
			files = (
				7C77466327EBE7C500DAAC42 /* LaunchScreen.storyboard in Resources */,
				7C77466027EBE7C500DAAC42 /* Assets.xcassets in Resources */,
				7C77465E27EBE7C300DAAC42 /* Main.storyboard in Resources */,
			);
			runOnlyForDeploymentPostprocessing = 0;
		};
		7C77466727EBE7C500DAAC42 /* Resources */ = {
			isa = PBXResourcesBuildPhase;
			buildActionMask = 2147483647;
			files = (
			);
			runOnlyForDeploymentPostprocessing = 0;
		};
		7C77467127EBE7C500DAAC42 /* Resources */ = {
			isa = PBXResourcesBuildPhase;
			buildActionMask = 2147483647;
			files = (
			);
			runOnlyForDeploymentPostprocessing = 0;
		};
/* End PBXResourcesBuildPhase section */

/* Begin PBXSourcesBuildPhase section */
		7C77464F27EBE7C300DAAC42 /* Sources */ = {
			isa = PBXSourcesBuildPhase;
			buildActionMask = 2147483647;
			files = (
				7C083D28282A9C2E00532023 /* ProgressHeaderView.swift in Sources */,
				7CE6C04927F4876D006B44C0 /* DatePickerContentView.swift in Sources */,
				7CE6C04127F45432006B44C0 /* UIView+PinnedSubview.swift in Sources */,
				7CE6C03C27F3033F006B44C0 /* ReminderViewController+Section.swift in Sources */,
				7CE6C03527F2C828006B44C0 /* ReminderListViewController+Actions.swift in Sources */,
				7CE6C03727F2EC32006B44C0 /* ReminderViewController.swift in Sources */,
				7CE6C04F27FD1998006B44C0 /* UIColor+Today.swift in Sources */,
				7CE6C05128024E65006B44C0 /* ReminderListStyle.swift in Sources */,
				7CE6C02727F18136006B44C0 /* Date+Today.swift in Sources */,
				7C77465B27EBE7C300DAAC42 /* ReminderListViewController.swift in Sources */,
				7CE6C04327F47B4D006B44C0 /* TextFieldContentView.swift in Sources */,
				7CE6C04527F47D64006B44C0 /* UIContentConfiguration.swift in Sources */,
				7CE6C04727F48420006B44C0 /* TextViewContentView.swift in Sources */,
				7CE6C03A27F2F1C5006B44C0 /* ReminderViewController+Row.swift in Sources */,
				7CE6C03327F2C747006B44C0 /* ReminderDoneButton.swift in Sources */,
				7C4371F62833DD0D0006B270 /* CAGradientLayer+ListStyle.swift in Sources */,
				7C77465727EBE7C300DAAC42 /* AppDelegate.swift in Sources */,
				7CE6C03E27F3E18F006B44C0 /* ReminderViewController+CellConfiguration.swift in Sources */,
				7C77465927EBE7C300DAAC42 /* SceneDelegate.swift in Sources */,
				7C77468827EBEB0600DAAC42 /* Reminder.swift in Sources */,
				7CE6C02A27F18765006B44C0 /* ReminderListViewController+DataSource.swift in Sources */,
			);
			runOnlyForDeploymentPostprocessing = 0;
		};
		7C77466527EBE7C500DAAC42 /* Sources */ = {
			isa = PBXSourcesBuildPhase;
			buildActionMask = 2147483647;
			files = (
				7C77466E27EBE7C500DAAC42 /* TodayTests.swift in Sources */,
			);
			runOnlyForDeploymentPostprocessing = 0;
		};
		7C77466F27EBE7C500DAAC42 /* Sources */ = {
			isa = PBXSourcesBuildPhase;
			buildActionMask = 2147483647;
			files = (
				7C77467A27EBE7C500DAAC42 /* TodayUITestsLaunchTests.swift in Sources */,
				7C77467827EBE7C500DAAC42 /* TodayUITests.swift in Sources */,
			);
			runOnlyForDeploymentPostprocessing = 0;
		};
/* End PBXSourcesBuildPhase section */

/* Begin PBXTargetDependency section */
		7C77466B27EBE7C500DAAC42 /* PBXTargetDependency */ = {
			isa = PBXTargetDependency;
			target = 7C77465227EBE7C300DAAC42 /* Today */;
			targetProxy = 7C77466A27EBE7C500DAAC42 /* PBXContainerItemProxy */;
		};
		7C77467527EBE7C500DAAC42 /* PBXTargetDependency */ = {
			isa = PBXTargetDependency;
			target = 7C77465227EBE7C300DAAC42 /* Today */;
			targetProxy = 7C77467427EBE7C500DAAC42 /* PBXContainerItemProxy */;
		};
/* End PBXTargetDependency section */

/* Begin PBXVariantGroup section */
		7C77465C27EBE7C300DAAC42 /* Main.storyboard */ = {
			isa = PBXVariantGroup;
			children = (
				7C77465D27EBE7C300DAAC42 /* Base */,
			);
			name = Main.storyboard;
			sourceTree = "<group>";
		};
		7C77466127EBE7C500DAAC42 /* LaunchScreen.storyboard */ = {
			isa = PBXVariantGroup;
			children = (
				7C77466227EBE7C500DAAC42 /* Base */,
			);
			name = LaunchScreen.storyboard;
			sourceTree = "<group>";
		};
/* End PBXVariantGroup section */

/* Begin XCBuildConfiguration section */
		7C77467B27EBE7C500DAAC42 /* Debug */ = {
			isa = XCBuildConfiguration;
			buildSettings = {
				ALWAYS_SEARCH_USER_PATHS = NO;
				CLANG_ANALYZER_NONNULL = YES;
				CLANG_ANALYZER_NUMBER_OBJECT_CONVERSION = YES_AGGRESSIVE;
				CLANG_CXX_LANGUAGE_STANDARD = "gnu++17";
				CLANG_ENABLE_MODULES = YES;
				CLANG_ENABLE_OBJC_ARC = YES;
				CLANG_ENABLE_OBJC_WEAK = YES;
				CLANG_WARN_BLOCK_CAPTURE_AUTORELEASING = YES;
				CLANG_WARN_BOOL_CONVERSION = YES;
				CLANG_WARN_COMMA = YES;
				CLANG_WARN_CONSTANT_CONVERSION = YES;
				CLANG_WARN_DEPRECATED_OBJC_IMPLEMENTATIONS = YES;
				CLANG_WARN_DIRECT_OBJC_ISA_USAGE = YES_ERROR;
				CLANG_WARN_DOCUMENTATION_COMMENTS = YES;
				CLANG_WARN_EMPTY_BODY = YES;
				CLANG_WARN_ENUM_CONVERSION = YES;
				CLANG_WARN_INFINITE_RECURSION = YES;
				CLANG_WARN_INT_CONVERSION = YES;
				CLANG_WARN_NON_LITERAL_NULL_CONVERSION = YES;
				CLANG_WARN_OBJC_IMPLICIT_RETAIN_SELF = YES;
				CLANG_WARN_OBJC_LITERAL_CONVERSION = YES;
				CLANG_WARN_OBJC_ROOT_CLASS = YES_ERROR;
				CLANG_WARN_QUOTED_INCLUDE_IN_FRAMEWORK_HEADER = YES;
				CLANG_WARN_RANGE_LOOP_ANALYSIS = YES;
				CLANG_WARN_STRICT_PROTOTYPES = YES;
				CLANG_WARN_SUSPICIOUS_MOVE = YES;
				CLANG_WARN_UNGUARDED_AVAILABILITY = YES_AGGRESSIVE;
				CLANG_WARN_UNREACHABLE_CODE = YES;
				CLANG_WARN__DUPLICATE_METHOD_MATCH = YES;
				COPY_PHASE_STRIP = NO;
				DEBUG_INFORMATION_FORMAT = dwarf;
				ENABLE_STRICT_OBJC_MSGSEND = YES;
				ENABLE_TESTABILITY = YES;
				GCC_C_LANGUAGE_STANDARD = gnu11;
				GCC_DYNAMIC_NO_PIC = NO;
				GCC_NO_COMMON_BLOCKS = YES;
				GCC_OPTIMIZATION_LEVEL = 0;
				GCC_PREPROCESSOR_DEFINITIONS = (
					"DEBUG=1",
					"$(inherited)",
				);
				GCC_WARN_64_TO_32_BIT_CONVERSION = YES;
				GCC_WARN_ABOUT_RETURN_TYPE = YES_ERROR;
				GCC_WARN_UNDECLARED_SELECTOR = YES;
				GCC_WARN_UNINITIALIZED_AUTOS = YES_AGGRESSIVE;
				GCC_WARN_UNUSED_FUNCTION = YES;
				GCC_WARN_UNUSED_VARIABLE = YES;
				IPHONEOS_DEPLOYMENT_TARGET = 15.4;
				MTL_ENABLE_DEBUG_INFO = INCLUDE_SOURCE;
				MTL_FAST_MATH = YES;
				ONLY_ACTIVE_ARCH = YES;
				SDKROOT = iphoneos;
				SWIFT_ACTIVE_COMPILATION_CONDITIONS = DEBUG;
				SWIFT_OPTIMIZATION_LEVEL = "-Onone";
			};
			name = Debug;
		};
		7C77467C27EBE7C500DAAC42 /* Release */ = {
			isa = XCBuildConfiguration;
			buildSettings = {
				ALWAYS_SEARCH_USER_PATHS = NO;
				CLANG_ANALYZER_NONNULL = YES;
				CLANG_ANALYZER_NUMBER_OBJECT_CONVERSION = YES_AGGRESSIVE;
				CLANG_CXX_LANGUAGE_STANDARD = "gnu++17";
				CLANG_ENABLE_MODULES = YES;
				CLANG_ENABLE_OBJC_ARC = YES;
				CLANG_ENABLE_OBJC_WEAK = YES;
				CLANG_WARN_BLOCK_CAPTURE_AUTORELEASING = YES;
				CLANG_WARN_BOOL_CONVERSION = YES;
				CLANG_WARN_COMMA = YES;
				CLANG_WARN_CONSTANT_CONVERSION = YES;
				CLANG_WARN_DEPRECATED_OBJC_IMPLEMENTATIONS = YES;
				CLANG_WARN_DIRECT_OBJC_ISA_USAGE = YES_ERROR;
				CLANG_WARN_DOCUMENTATION_COMMENTS = YES;
				CLANG_WARN_EMPTY_BODY = YES;
				CLANG_WARN_ENUM_CONVERSION = YES;
				CLANG_WARN_INFINITE_RECURSION = YES;
				CLANG_WARN_INT_CONVERSION = YES;
				CLANG_WARN_NON_LITERAL_NULL_CONVERSION = YES;
				CLANG_WARN_OBJC_IMPLICIT_RETAIN_SELF = YES;
				CLANG_WARN_OBJC_LITERAL_CONVERSION = YES;
				CLANG_WARN_OBJC_ROOT_CLASS = YES_ERROR;
				CLANG_WARN_QUOTED_INCLUDE_IN_FRAMEWORK_HEADER = YES;
				CLANG_WARN_RANGE_LOOP_ANALYSIS = YES;
				CLANG_WARN_STRICT_PROTOTYPES = YES;
				CLANG_WARN_SUSPICIOUS_MOVE = YES;
				CLANG_WARN_UNGUARDED_AVAILABILITY = YES_AGGRESSIVE;
				CLANG_WARN_UNREACHABLE_CODE = YES;
				CLANG_WARN__DUPLICATE_METHOD_MATCH = YES;
				COPY_PHASE_STRIP = NO;
				DEBUG_INFORMATION_FORMAT = "dwarf-with-dsym";
				ENABLE_NS_ASSERTIONS = NO;
				ENABLE_STRICT_OBJC_MSGSEND = YES;
				GCC_C_LANGUAGE_STANDARD = gnu11;
				GCC_NO_COMMON_BLOCKS = YES;
				GCC_WARN_64_TO_32_BIT_CONVERSION = YES;
				GCC_WARN_ABOUT_RETURN_TYPE = YES_ERROR;
				GCC_WARN_UNDECLARED_SELECTOR = YES;
				GCC_WARN_UNINITIALIZED_AUTOS = YES_AGGRESSIVE;
				GCC_WARN_UNUSED_FUNCTION = YES;
				GCC_WARN_UNUSED_VARIABLE = YES;
				IPHONEOS_DEPLOYMENT_TARGET = 15.4;
				MTL_ENABLE_DEBUG_INFO = NO;
				MTL_FAST_MATH = YES;
				SDKROOT = iphoneos;
				SWIFT_COMPILATION_MODE = wholemodule;
				SWIFT_OPTIMIZATION_LEVEL = "-O";
				VALIDATE_PRODUCT = YES;
			};
			name = Release;
		};
		7C77467E27EBE7C500DAAC42 /* Debug */ = {
			isa = XCBuildConfiguration;
			buildSettings = {
				ASSETCATALOG_COMPILER_APPICON_NAME = AppIcon;
				ASSETCATALOG_COMPILER_GLOBAL_ACCENT_COLOR_NAME = AccentColor;
				CODE_SIGN_STYLE = Automatic;
				CURRENT_PROJECT_VERSION = 1;
				DEVELOPMENT_TEAM = L6V3W25U7P;
				GENERATE_INFOPLIST_FILE = YES;
				INFOPLIST_FILE = Today/Info.plist;
				INFOPLIST_KEY_UIApplicationSupportsIndirectInputEvents = YES;
				INFOPLIST_KEY_UILaunchStoryboardName = LaunchScreen;
				INFOPLIST_KEY_UIMainStoryboardFile = Main;
				INFOPLIST_KEY_UISupportedInterfaceOrientations_iPad = "UIInterfaceOrientationPortrait UIInterfaceOrientationPortraitUpsideDown UIInterfaceOrientationLandscapeLeft UIInterfaceOrientationLandscapeRight";
				INFOPLIST_KEY_UISupportedInterfaceOrientations_iPhone = "UIInterfaceOrientationPortrait UIInterfaceOrientationLandscapeLeft UIInterfaceOrientationLandscapeRight";
				LD_RUNPATH_SEARCH_PATHS = (
					"$(inherited)",
					"@executable_path/Frameworks",
				);
				MARKETING_VERSION = 1.0;
				PRODUCT_BUNDLE_IDENTIFIER = com.higekick.Today;
				PRODUCT_NAME = "$(TARGET_NAME)";
				SWIFT_EMIT_LOC_STRINGS = YES;
				SWIFT_VERSION = 5.0;
				TARGETED_DEVICE_FAMILY = "1,2";
			};
			name = Debug;
		};
		7C77467F27EBE7C500DAAC42 /* Release */ = {
			isa = XCBuildConfiguration;
			buildSettings = {
				ASSETCATALOG_COMPILER_APPICON_NAME = AppIcon;
				ASSETCATALOG_COMPILER_GLOBAL_ACCENT_COLOR_NAME = AccentColor;
				CODE_SIGN_STYLE = Automatic;
				CURRENT_PROJECT_VERSION = 1;
				DEVELOPMENT_TEAM = L6V3W25U7P;
				GENERATE_INFOPLIST_FILE = YES;
				INFOPLIST_FILE = Today/Info.plist;
				INFOPLIST_KEY_UIApplicationSupportsIndirectInputEvents = YES;
				INFOPLIST_KEY_UILaunchStoryboardName = LaunchScreen;
				INFOPLIST_KEY_UIMainStoryboardFile = Main;
				INFOPLIST_KEY_UISupportedInterfaceOrientations_iPad = "UIInterfaceOrientationPortrait UIInterfaceOrientationPortraitUpsideDown UIInterfaceOrientationLandscapeLeft UIInterfaceOrientationLandscapeRight";
				INFOPLIST_KEY_UISupportedInterfaceOrientations_iPhone = "UIInterfaceOrientationPortrait UIInterfaceOrientationLandscapeLeft UIInterfaceOrientationLandscapeRight";
				LD_RUNPATH_SEARCH_PATHS = (
					"$(inherited)",
					"@executable_path/Frameworks",
				);
				MARKETING_VERSION = 1.0;
				PRODUCT_BUNDLE_IDENTIFIER = com.higekick.Today;
				PRODUCT_NAME = "$(TARGET_NAME)";
				SWIFT_EMIT_LOC_STRINGS = YES;
				SWIFT_VERSION = 5.0;
				TARGETED_DEVICE_FAMILY = "1,2";
			};
			name = Release;
		};
		7C77468127EBE7C500DAAC42 /* Debug */ = {
			isa = XCBuildConfiguration;
			buildSettings = {
				ALWAYS_EMBED_SWIFT_STANDARD_LIBRARIES = YES;
				BUNDLE_LOADER = "$(TEST_HOST)";
				CODE_SIGN_STYLE = Automatic;
				CURRENT_PROJECT_VERSION = 1;
				GENERATE_INFOPLIST_FILE = YES;
				IPHONEOS_DEPLOYMENT_TARGET = 15.4;
				MARKETING_VERSION = 1.0;
				PRODUCT_BUNDLE_IDENTIFIER = com.higekick.TodayTests;
				PRODUCT_NAME = "$(TARGET_NAME)";
				SWIFT_EMIT_LOC_STRINGS = NO;
				SWIFT_VERSION = 5.0;
				TARGETED_DEVICE_FAMILY = "1,2";
				TEST_HOST = "$(BUILT_PRODUCTS_DIR)/Today.app/Today";
			};
			name = Debug;
		};
		7C77468227EBE7C500DAAC42 /* Release */ = {
			isa = XCBuildConfiguration;
			buildSettings = {
				ALWAYS_EMBED_SWIFT_STANDARD_LIBRARIES = YES;
				BUNDLE_LOADER = "$(TEST_HOST)";
				CODE_SIGN_STYLE = Automatic;
				CURRENT_PROJECT_VERSION = 1;
				GENERATE_INFOPLIST_FILE = YES;
				IPHONEOS_DEPLOYMENT_TARGET = 15.4;
				MARKETING_VERSION = 1.0;
				PRODUCT_BUNDLE_IDENTIFIER = com.higekick.TodayTests;
				PRODUCT_NAME = "$(TARGET_NAME)";
				SWIFT_EMIT_LOC_STRINGS = NO;
				SWIFT_VERSION = 5.0;
				TARGETED_DEVICE_FAMILY = "1,2";
				TEST_HOST = "$(BUILT_PRODUCTS_DIR)/Today.app/Today";
			};
			name = Release;
		};
		7C77468427EBE7C500DAAC42 /* Debug */ = {
			isa = XCBuildConfiguration;
			buildSettings = {
				ALWAYS_EMBED_SWIFT_STANDARD_LIBRARIES = YES;
				CODE_SIGN_STYLE = Automatic;
				CURRENT_PROJECT_VERSION = 1;
				GENERATE_INFOPLIST_FILE = YES;
				MARKETING_VERSION = 1.0;
				PRODUCT_BUNDLE_IDENTIFIER = com.higekick.TodayUITests;
				PRODUCT_NAME = "$(TARGET_NAME)";
				SWIFT_EMIT_LOC_STRINGS = NO;
				SWIFT_VERSION = 5.0;
				TARGETED_DEVICE_FAMILY = "1,2";
				TEST_TARGET_NAME = Today;
			};
			name = Debug;
		};
		7C77468527EBE7C500DAAC42 /* Release */ = {
			isa = XCBuildConfiguration;
			buildSettings = {
				ALWAYS_EMBED_SWIFT_STANDARD_LIBRARIES = YES;
				CODE_SIGN_STYLE = Automatic;
				CURRENT_PROJECT_VERSION = 1;
				GENERATE_INFOPLIST_FILE = YES;
				MARKETING_VERSION = 1.0;
				PRODUCT_BUNDLE_IDENTIFIER = com.higekick.TodayUITests;
				PRODUCT_NAME = "$(TARGET_NAME)";
				SWIFT_EMIT_LOC_STRINGS = NO;
				SWIFT_VERSION = 5.0;
				TARGETED_DEVICE_FAMILY = "1,2";
				TEST_TARGET_NAME = Today;
			};
			name = Release;
		};
/* End XCBuildConfiguration section */

/* Begin XCConfigurationList section */
		7C77464E27EBE7C200DAAC42 /* Build configuration list for PBXProject "Today" */ = {
			isa = XCConfigurationList;
			buildConfigurations = (
				7C77467B27EBE7C500DAAC42 /* Debug */,
				7C77467C27EBE7C500DAAC42 /* Release */,
			);
			defaultConfigurationIsVisible = 0;
			defaultConfigurationName = Release;
		};
		7C77467D27EBE7C500DAAC42 /* Build configuration list for PBXNativeTarget "Today" */ = {
			isa = XCConfigurationList;
			buildConfigurations = (
				7C77467E27EBE7C500DAAC42 /* Debug */,
				7C77467F27EBE7C500DAAC42 /* Release */,
			);
			defaultConfigurationIsVisible = 0;
			defaultConfigurationName = Release;
		};
		7C77468027EBE7C500DAAC42 /* Build configuration list for PBXNativeTarget "TodayTests" */ = {
			isa = XCConfigurationList;
			buildConfigurations = (
				7C77468127EBE7C500DAAC42 /* Debug */,
				7C77468227EBE7C500DAAC42 /* Release */,
			);
			defaultConfigurationIsVisible = 0;
			defaultConfigurationName = Release;
		};
		7C77468327EBE7C500DAAC42 /* Build configuration list for PBXNativeTarget "TodayUITests" */ = {
			isa = XCConfigurationList;
			buildConfigurations = (
				7C77468427EBE7C500DAAC42 /* Debug */,
				7C77468527EBE7C500DAAC42 /* Release */,
			);
			defaultConfigurationIsVisible = 0;
			defaultConfigurationName = Release;
		};
/* End XCConfigurationList section */
	};
	rootObject = 7C77464B27EBE7C200DAAC42 /* Project object */;
}
